
Microsoft Visual Studio Solution File, Format Version 12.00
# Visual Studio Version 17
VisualStudioVersion = 17.3.32929.385
MinimumVisualStudioVersion = 10.0.40219.1
Project("{FAE04EC0-301F-11D3-BF4B-00C04F79EFBC}") = "WebApiJenkins", "WebApiJenkins\WebApiJenkins.csproj", "{EFD98F25-0D7E-4061-BD8E-E426508E6122}"
EndProject
Project("{FAE04EC0-301F-11D3-BF4B-00C04F79EFBC}") = "TestProject1", "TestProject1\TestProject1.csproj", "{77FD907F-BBC6-4B5D-A1D5-F2C06DD884C8}"
EndProject
Global
	GlobalSection(SolutionConfigurationPlatforms) = preSolution
		Debug|Any CPU = Debug|Any CPU
		Release|Any CPU = Release|Any CPU
	EndGlobalSection
	GlobalSection(ProjectConfigurationPlatforms) = postSolution
		{EFD98F25-0D7E-4061-BD8E-E426508E6122}.Debug|Any CPU.ActiveCfg = Debug|Any CPU
		{EFD98F25-0D7E-4061-BD8E-E426508E6122}.Debug|Any CPU.Build.0 = Debug|Any CPU
		{EFD98F25-0D7E-4061-BD8E-E426508E6122}.Release|Any CPU.ActiveCfg = Release|Any CPU
		{EFD98F25-0D7E-4061-BD8E-E426508E6122}.Release|Any CPU.Build.0 = Release|Any CPU
		{77FD907F-BBC6-4B5D-A1D5-F2C06DD884C8}.Debug|Any CPU.ActiveCfg = Debug|Any CPU
		{77FD907F-BBC6-4B5D-A1D5-F2C06DD884C8}.Debug|Any CPU.Build.0 = Debug|Any CPU
		{77FD907F-BBC6-4B5D-A1D5-F2C06DD884C8}.Release|Any CPU.ActiveCfg = Release|Any CPU
		{77FD907F-BBC6-4B5D-A1D5-F2C06DD884C8}.Release|Any CPU.Build.0 = Release|Any CPU
	EndGlobalSection
	GlobalSection(SolutionProperties) = preSolution
		HideSolutionNode = FALSE
	EndGlobalSection
	GlobalSection(ExtensibilityGlobals) = postSolution
		SolutionGuid = {21A5BB66-1683-447B-BF06-717AE4EC4F2E}
	EndGlobalSection
EndGlobal
